
Microsoft Visual Studio Solution File, Format Version 12.00
# Visual Studio Version 17
VisualStudioVersion = 17.0.32112.339
MinimumVisualStudioVersion = 10.0.40219.1
Project("{9A19103F-16F7-4668-BE54-9A1E7A4F7556}") = "Lovd", "Lovd\Lovd.csproj", "{19B585FB-C5E5-4055-AD09-F047CB20B6BD}"
EndProject
Global
	GlobalSection(SolutionConfigurationPlatforms) = preSolution
		Debug|Any CPU = Debug|Any CPU
		Release|Any CPU = Release|Any CPU
	EndGlobalSection
	GlobalSection(ProjectConfigurationPlatforms) = postSolution
		{19B585FB-C5E5-4055-AD09-F047CB20B6BD}.Debug|Any CPU.ActiveCfg = Debug|Any CPU
		{19B585FB-C5E5-4055-AD09-F047CB20B6BD}.Debug|Any CPU.Build.0 = Debug|Any CPU
		{19B585FB-C5E5-4055-AD09-F047CB20B6BD}.Release|Any CPU.ActiveCfg = Release|Any CPU
		{19B585FB-C5E5-4055-AD09-F047CB20B6BD}.Release|Any CPU.Build.0 = Release|Any CPU
	EndGlobalSection
	GlobalSection(SolutionProperties) = preSolution
		HideSolutionNode = FALSE
	EndGlobalSection
	GlobalSection(ExtensibilityGlobals) = postSolution
		SolutionGuid = {480859CC-1429-4FEE-B00A-4CFFC6033423}
	EndGlobalSection
EndGlobal
